{
  "name": "6ef4a8874203b3d8",
  "lockfileVersion": 3,
  "requires": true,
  "packages": {
    "": {
      "dependencies": {
        "sv": "^0.15.0"
      }
    },
    "node_modules/@sveltejs/sv-utils": {
      "version": "0.2.0",
      "resolved": "https://registry.npmjs.org/@sveltejs/sv-utils/-/sv-utils-0.2.0.tgz",
      "integrity": "sha512-//YXcXgqRRMaevBlU7H1QQG6IPg/FvJuMXyMzFDW4N9fBOzVvpa3ZOvKVdlt6jaje5AVl6y4WwkNsGZ2gLJBeA==",
      "license": "MIT"
    },
    "node_modules/sv": {
      "version": "0.15.0",
      "resolved": "https://registry.npmjs.org/sv/-/sv-0.15.0.tgz",
      "integrity": "sha512-QQcXnI5NW15zSJDKkRtxKn6p9tkmcv+srTf8y/PmgF2LAbDiubE+0AgQYLI63q7kzypN160yfcvra/Mb9Ycr1A==",
      "license": "MIT",
      "dependencies": {
        "@sveltejs/sv-utils": "0.2.0"
      },
      "bin": {
        "sv": "dist/bin.mjs"
      }
    }
  }
}
